
Microsoft Visual Studio Solution File, Format Version 12.00
# Visual Studio Version 17
VisualStudioVersion = 17.8.34511.84
MinimumVisualStudioVersion = 10.0.40219.1
Project("{FAE04EC0-301F-11D3-BF4B-00C04F79EFBC}") = "Homework_5", "Homework_5\Homework_5.csproj", "{DDCEF927-4320-4BC5-BFEB-6AB22289061F}"
EndProject
Global
	GlobalSection(SolutionConfigurationPlatforms) = preSolution
		Debug|Any CPU = Debug|Any CPU
		Release|Any CPU = Release|Any CPU
	EndGlobalSection
	GlobalSection(ProjectConfigurationPlatforms) = postSolution
		{DDCEF927-4320-4BC5-BFEB-6AB22289061F}.Debug|Any CPU.ActiveCfg = Debug|Any CPU
		{DDCEF927-4320-4BC5-BFEB-6AB22289061F}.Debug|Any CPU.Build.0 = Debug|Any CPU
		{DDCEF927-4320-4BC5-BFEB-6AB22289061F}.Release|Any CPU.ActiveCfg = Release|Any CPU
		{DDCEF927-4320-4BC5-BFEB-6AB22289061F}.Release|Any CPU.Build.0 = Release|Any CPU
	EndGlobalSection
	GlobalSection(SolutionProperties) = preSolution
		HideSolutionNode = FALSE
	EndGlobalSection
	GlobalSection(ExtensibilityGlobals) = postSolution
		SolutionGuid = {73D5A380-EFC9-4A78-9815-814D9E9247F3}
	EndGlobalSection
EndGlobal
